// !$*UTF8*$!
{
	archiveVersion = 1;
	classes = {
	};
	objectVersion = 55;
	objects = {

/* Begin PBXBuildFile section */
		2D4276B9289D6020003CBF52 /* houses.cpp in Sources */ = {isa = PBXBuildFile; fileRef = 2D4276B7289D6020003CBF52 /* houses.cpp */; };
		2D4276BC289D61D1003CBF52 /* baymax.cpp in Sources */ = {isa = PBXBuildFile; fileRef = 2D4276BA289D61D1003CBF52 /* baymax.cpp */; };
		2D4276BF289D7014003CBF52 /* circular_objects.cpp in Sources */ = {isa = PBXBuildFile; fileRef = 2D4276BD289D7014003CBF52 /* circular_objects.cpp */; };
		2D4276C2289D71BC003CBF52 /* field.cpp in Sources */ = {isa = PBXBuildFile; fileRef = 2D4276C0289D71BC003CBF52 /* field.cpp */; };
		2D4276C5289D7413003CBF52 /* all_divs.cpp in Sources */ = {isa = PBXBuildFile; fileRef = 2D4276C3289D7413003CBF52 /* all_divs.cpp */; };
		2D608AFF28AFF8C300902767 /* wave.cpp in Sources */ = {isa = PBXBuildFile; fileRef = 2D608AFD28AFF8C300902767 /* wave.cpp */; };
		2DE9F49B289CD707008038D6 /* main.cpp in Sources */ = {isa = PBXBuildFile; fileRef = 2DE9F49A289CD707008038D6 /* main.cpp */; };
		2DE9F4A3289CD715008038D6 /* GLUT.framework in Frameworks */ = {isa = PBXBuildFile; fileRef = 2DE9F4A2289CD715008038D6 /* GLUT.framework */; };
		2DE9F4A5289CD71A008038D6 /* OpenGL.framework in Frameworks */ = {isa = PBXBuildFile; fileRef = 2DE9F4A4289CD71A008038D6 /* OpenGL.framework */; };
		C11D3CD728AAC6E8002221C8 /* gallery.cpp in Sources */ = {isa = PBXBuildFile; fileRef = C11D3CD528AAC6E8002221C8 /* gallery.cpp */; };
/* End PBXBuildFile section */

/* Begin PBXCopyFilesBuildPhase section */
		2DE9F495289CD707008038D6 /* CopyFiles */ = {
			isa = PBXCopyFilesBuildPhase;
			buildActionMask = 2147483647;
			dstPath = /usr/share/man/man1/;
			dstSubfolderSpec = 0;
			files = (
			);
			runOnlyForDeploymentPostprocessing = 1;
		};
/* End PBXCopyFilesBuildPhase section */

/* Begin PBXFileReference section */
		2D4276B7289D6020003CBF52 /* houses.cpp */ = {isa = PBXFileReference; lastKnownFileType = sourcecode.cpp.cpp; path = houses.cpp; sourceTree = "<group>"; };
		2D4276B8289D6020003CBF52 /* houses.h */ = {isa = PBXFileReference; lastKnownFileType = sourcecode.c.h; path = houses.h; sourceTree = "<group>"; };
		2D4276BA289D61D1003CBF52 /* baymax.cpp */ = {isa = PBXFileReference; lastKnownFileType = sourcecode.cpp.cpp; path = baymax.cpp; sourceTree = "<group>"; };
		2D4276BB289D61D1003CBF52 /* baymax.h */ = {isa = PBXFileReference; lastKnownFileType = sourcecode.c.h; path = baymax.h; sourceTree = "<group>"; };
		2D4276BD289D7014003CBF52 /* circular_objects.cpp */ = {isa = PBXFileReference; lastKnownFileType = sourcecode.cpp.cpp; path = circular_objects.cpp; sourceTree = "<group>"; };
		2D4276BE289D7014003CBF52 /* circular_objects.h */ = {isa = PBXFileReference; lastKnownFileType = sourcecode.c.h; path = circular_objects.h; sourceTree = "<group>"; };
		2D4276C0289D71BC003CBF52 /* field.cpp */ = {isa = PBXFileReference; lastKnownFileType = sourcecode.cpp.cpp; path = field.cpp; sourceTree = "<group>"; };
		2D4276C1289D71BC003CBF52 /* field.h */ = {isa = PBXFileReference; lastKnownFileType = sourcecode.c.h; path = field.h; sourceTree = "<group>"; };
		2D4276C3289D7413003CBF52 /* all_divs.cpp */ = {isa = PBXFileReference; lastKnownFileType = sourcecode.cpp.cpp; path = all_divs.cpp; sourceTree = "<group>"; };
		2D4276C4289D7413003CBF52 /* all_divs.h */ = {isa = PBXFileReference; lastKnownFileType = sourcecode.c.h; path = all_divs.h; sourceTree = "<group>"; };
		2D608AFD28AFF8C300902767 /* wave.cpp */ = {isa = PBXFileReference; lastKnownFileType = sourcecode.cpp.cpp; path = wave.cpp; sourceTree = "<group>"; };
		2D608AFE28AFF8C300902767 /* wave.h */ = {isa = PBXFileReference; lastKnownFileType = sourcecode.c.h; path = wave.h; sourceTree = "<group>"; };
		2DE9F497289CD707008038D6 /* Baymax_1.5 */ = {isa = PBXFileReference; explicitFileType = "compiled.mach-o.executable"; includeInIndex = 0; path = Baymax_1.5; sourceTree = BUILT_PRODUCTS_DIR; };
		2DE9F49A289CD707008038D6 /* main.cpp */ = {isa = PBXFileReference; lastKnownFileType = sourcecode.cpp.cpp; path = main.cpp; sourceTree = "<group>"; };
		2DE9F4A2289CD715008038D6 /* GLUT.framework */ = {isa = PBXFileReference; lastKnownFileType = wrapper.framework; name = GLUT.framework; path = System/Library/Frameworks/GLUT.framework; sourceTree = SDKROOT; };
		2DE9F4A4289CD71A008038D6 /* OpenGL.framework */ = {isa = PBXFileReference; lastKnownFileType = wrapper.framework; name = OpenGL.framework; path = System/Library/Frameworks/OpenGL.framework; sourceTree = SDKROOT; };
		C11D3CD528AAC6E8002221C8 /* gallery.cpp */ = {isa = PBXFileReference; lastKnownFileType = sourcecode.cpp.cpp; path = gallery.cpp; sourceTree = "<group>"; };
		C11D3CD628AAC6E8002221C8 /* gallery.h */ = {isa = PBXFileReference; lastKnownFileType = sourcecode.c.h; path = gallery.h; sourceTree = "<group>"; };
/* End PBXFileReference section */

/* Begin PBXFrameworksBuildPhase section */
		2DE9F494289CD707008038D6 /* Frameworks */ = {
			isa = PBXFrameworksBuildPhase;
			buildActionMask = 2147483647;
			files = (
				2DE9F4A5289CD71A008038D6 /* OpenGL.framework in Frameworks */,
				2DE9F4A3289CD715008038D6 /* GLUT.framework in Frameworks */,
			);
			runOnlyForDeploymentPostprocessing = 0;
		};
/* End PBXFrameworksBuildPhase section */

/* Begin PBXGroup section */
		2DE9F48E289CD707008038D6 = {
			isa = PBXGroup;
			children = (
				2DE9F499289CD707008038D6 /* Baymax_1.5 */,
				2DE9F498289CD707008038D6 /* Products */,
				2DE9F4A1289CD715008038D6 /* Frameworks */,
			);
			sourceTree = "<group>";
		};
		2DE9F498289CD707008038D6 /* Products */ = {
			isa = PBXGroup;
			children = (
				2DE9F497289CD707008038D6 /* Baymax_1.5 */,
			);
			name = Products;
			sourceTree = "<group>";
		};
		2DE9F499289CD707008038D6 /* Baymax_1.5 */ = {
			isa = PBXGroup;
			children = (
				2DE9F49A289CD707008038D6 /* main.cpp */,
				2D4276B7289D6020003CBF52 /* houses.cpp */,
				2D4276B8289D6020003CBF52 /* houses.h */,
				2D4276BA289D61D1003CBF52 /* baymax.cpp */,
				2D4276BB289D61D1003CBF52 /* baymax.h */,
				2D4276BD289D7014003CBF52 /* circular_objects.cpp */,
				2D4276BE289D7014003CBF52 /* circular_objects.h */,
				2D4276C0289D71BC003CBF52 /* field.cpp */,
				2D4276C1289D71BC003CBF52 /* field.h */,
				2D4276C3289D7413003CBF52 /* all_divs.cpp */,
				2D4276C4289D7413003CBF52 /* all_divs.h */,
				C11D3CD528AAC6E8002221C8 /* gallery.cpp */,
				C11D3CD628AAC6E8002221C8 /* gallery.h */,
				2D608AFD28AFF8C300902767 /* wave.cpp */,
				2D608AFE28AFF8C300902767 /* wave.h */,
			);
			path = Baymax_1.5;
			sourceTree = "<group>";
		};
		2DE9F4A1289CD715008038D6 /* Frameworks */ = {
			isa = PBXGroup;
			children = (
				2DE9F4A4289CD71A008038D6 /* OpenGL.framework */,
				2DE9F4A2289CD715008038D6 /* GLUT.framework */,
			);
			name = Frameworks;
			sourceTree = "<group>";
		};
/* End PBXGroup section */

/* Begin PBXNativeTarget section */
		2DE9F496289CD707008038D6 /* Baymax_1.5 */ = {
			isa = PBXNativeTarget;
			buildConfigurationList = 2DE9F49E289CD707008038D6 /* Build configuration list for PBXNativeTarget "Baymax_1.5" */;
			buildPhases = (
				2DE9F493289CD707008038D6 /* Sources */,
				2DE9F494289CD707008038D6 /* Frameworks */,
				2DE9F495289CD707008038D6 /* CopyFiles */,
			);
			buildRules = (
			);
			dependencies = (
			);
			name = Baymax_1.5;
			productName = Baymax_1.5;
			productReference = 2DE9F497289CD707008038D6 /* Baymax_1.5 */;
			productType = "com.apple.product-type.tool";
		};
/* End PBXNativeTarget section */

/* Begin PBXProject section */
		2DE9F48F289CD707008038D6 /* Project object */ = {
			isa = PBXProject;
			attributes = {
				BuildIndependentTargetsInParallel = 1;
				LastUpgradeCheck = 1340;
				TargetAttributes = {
					2DE9F496289CD707008038D6 = {
						CreatedOnToolsVersion = 13.4;
					};
				};
			};
			buildConfigurationList = 2DE9F492289CD707008038D6 /* Build configuration list for PBXProject "Baymax_1.5" */;
			compatibilityVersion = "Xcode 13.0";
			developmentRegion = en;
			hasScannedForEncodings = 0;
			knownRegions = (
				en,
				Base,
			);
			mainGroup = 2DE9F48E289CD707008038D6;
			productRefGroup = 2DE9F498289CD707008038D6 /* Products */;
			projectDirPath = "";
			projectRoot = "";
			targets = (
				2DE9F496289CD707008038D6 /* Baymax_1.5 */,
			);
		};
/* End PBXProject section */

/* Begin PBXSourcesBuildPhase section */
		2DE9F493289CD707008038D6 /* Sources */ = {
			isa = PBXSourcesBuildPhase;
			buildActionMask = 2147483647;
			files = (
				2D4276B9289D6020003CBF52 /* houses.cpp in Sources */,
				2D4276BC289D61D1003CBF52 /* baymax.cpp in Sources */,
				C11D3CD728AAC6E8002221C8 /* gallery.cpp in Sources */,
				2DE9F49B289CD707008038D6 /* main.cpp in Sources */,
				2D608AFF28AFF8C300902767 /* wave.cpp in Sources */,
				2D4276C5289D7413003CBF52 /* all_divs.cpp in Sources */,
				2D4276BF289D7014003CBF52 /* circular_objects.cpp in Sources */,
				2D4276C2289D71BC003CBF52 /* field.cpp in Sources */,
			);
			runOnlyForDeploymentPostprocessing = 0;
		};
/* End PBXSourcesBuildPhase section */

/* Begin XCBuildConfiguration section */
		2DE9F49C289CD707008038D6 /* Debug */ = {
			isa = XCBuildConfiguration;
			buildSettings = {
				ALWAYS_SEARCH_USER_PATHS = NO;
				CLANG_ANALYZER_NONNULL = YES;
				CLANG_ANALYZER_NUMBER_OBJECT_CONVERSION = YES_AGGRESSIVE;
				CLANG_CXX_LANGUAGE_STANDARD = "gnu++17";
				CLANG_ENABLE_MODULES = YES;
				CLANG_ENABLE_OBJC_ARC = YES;
				CLANG_ENABLE_OBJC_WEAK = YES;
				CLANG_WARN_BLOCK_CAPTURE_AUTORELEASING = YES;
				CLANG_WARN_BOOL_CONVERSION = YES;
				CLANG_WARN_COMMA = YES;
				CLANG_WARN_CONSTANT_CONVERSION = YES;
				CLANG_WARN_DEPRECATED_OBJC_IMPLEMENTATIONS = YES;
				CLANG_WARN_DIRECT_OBJC_ISA_USAGE = YES_ERROR;
				CLANG_WARN_DOCUMENTATION_COMMENTS = YES;
				CLANG_WARN_EMPTY_BODY = YES;
				CLANG_WARN_ENUM_CONVERSION = YES;
				CLANG_WARN_INFINITE_RECURSION = YES;
				CLANG_WARN_INT_CONVERSION = YES;
				CLANG_WARN_NON_LITERAL_NULL_CONVERSION = YES;
				CLANG_WARN_OBJC_IMPLICIT_RETAIN_SELF = YES;
				CLANG_WARN_OBJC_LITERAL_CONVERSION = YES;
				CLANG_WARN_OBJC_ROOT_CLASS = YES_ERROR;
				CLANG_WARN_QUOTED_INCLUDE_IN_FRAMEWORK_HEADER = YES;
				CLANG_WARN_RANGE_LOOP_ANALYSIS = YES;
				CLANG_WARN_STRICT_PROTOTYPES = YES;
				CLANG_WARN_SUSPICIOUS_MOVE = YES;
				CLANG_WARN_UNGUARDED_AVAILABILITY = YES_AGGRESSIVE;
				CLANG_WARN_UNREACHABLE_CODE = YES;
				CLANG_WARN__DUPLICATE_METHOD_MATCH = YES;
				COPY_PHASE_STRIP = NO;
				DEBUG_INFORMATION_FORMAT = dwarf;
				ENABLE_STRICT_OBJC_MSGSEND = YES;
				ENABLE_TESTABILITY = YES;
				GCC_C_LANGUAGE_STANDARD = gnu11;
				GCC_DYNAMIC_NO_PIC = NO;
				GCC_NO_COMMON_BLOCKS = YES;
				GCC_OPTIMIZATION_LEVEL = 0;
				GCC_PREPROCESSOR_DEFINITIONS = (
					"DEBUG=1",
					"$(inherited)",
				);
				GCC_WARN_64_TO_32_BIT_CONVERSION = YES;
				GCC_WARN_ABOUT_RETURN_TYPE = YES_ERROR;
				GCC_WARN_UNDECLARED_SELECTOR = YES;
				GCC_WARN_UNINITIALIZED_AUTOS = YES_AGGRESSIVE;
				GCC_WARN_UNUSED_FUNCTION = YES;
				GCC_WARN_UNUSED_VARIABLE = YES;
				MACOSX_DEPLOYMENT_TARGET = 12.3;
				MTL_ENABLE_DEBUG_INFO = INCLUDE_SOURCE;
				MTL_FAST_MATH = YES;
				ONLY_ACTIVE_ARCH = YES;
				SDKROOT = macosx;
			};
			name = Debug;
		};
		2DE9F49D289CD707008038D6 /* Release */ = {
			isa = XCBuildConfiguration;
			buildSettings = {
				ALWAYS_SEARCH_USER_PATHS = NO;
				CLANG_ANALYZER_NONNULL = YES;
				CLANG_ANALYZER_NUMBER_OBJECT_CONVERSION = YES_AGGRESSIVE;
				CLANG_CXX_LANGUAGE_STANDARD = "gnu++17";
				CLANG_ENABLE_MODULES = YES;
				CLANG_ENABLE_OBJC_ARC = YES;
				CLANG_ENABLE_OBJC_WEAK = YES;
				CLANG_WARN_BLOCK_CAPTURE_AUTORELEASING = YES;
				CLANG_WARN_BOOL_CONVERSION = YES;
				CLANG_WARN_COMMA = YES;
				CLANG_WARN_CONSTANT_CONVERSION = YES;
				CLANG_WARN_DEPRECATED_OBJC_IMPLEMENTATIONS = YES;
				CLANG_WARN_DIRECT_OBJC_ISA_USAGE = YES_ERROR;
				CLANG_WARN_DOCUMENTATION_COMMENTS = YES;
				CLANG_WARN_EMPTY_BODY = YES;
				CLANG_WARN_ENUM_CONVERSION = YES;
				CLANG_WARN_INFINITE_RECURSION = YES;
				CLANG_WARN_INT_CONVERSION = YES;
				CLANG_WARN_NON_LITERAL_NULL_CONVERSION = YES;
				CLANG_WARN_OBJC_IMPLICIT_RETAIN_SELF = YES;
				CLANG_WARN_OBJC_LITERAL_CONVERSION = YES;
				CLANG_WARN_OBJC_ROOT_CLASS = YES_ERROR;
				CLANG_WARN_QUOTED_INCLUDE_IN_FRAMEWORK_HEADER = YES;
				CLANG_WARN_RANGE_LOOP_ANALYSIS = YES;
				CLANG_WARN_STRICT_PROTOTYPES = YES;
				CLANG_WARN_SUSPICIOUS_MOVE = YES;
				CLANG_WARN_UNGUARDED_AVAILABILITY = YES_AGGRESSIVE;
				CLANG_WARN_UNREACHABLE_CODE = YES;
				CLANG_WARN__DUPLICATE_METHOD_MATCH = YES;
				COPY_PHASE_STRIP = NO;
				DEBUG_INFORMATION_FORMAT = "dwarf-with-dsym";
				ENABLE_NS_ASSERTIONS = NO;
				ENABLE_STRICT_OBJC_MSGSEND = YES;
				GCC_C_LANGUAGE_STANDARD = gnu11;
				GCC_NO_COMMON_BLOCKS = YES;
				GCC_WARN_64_TO_32_BIT_CONVERSION = YES;
				GCC_WARN_ABOUT_RETURN_TYPE = YES_ERROR;
				GCC_WARN_UNDECLARED_SELECTOR = YES;
				GCC_WARN_UNINITIALIZED_AUTOS = YES_AGGRESSIVE;
				GCC_WARN_UNUSED_FUNCTION = YES;
				GCC_WARN_UNUSED_VARIABLE = YES;
				MACOSX_DEPLOYMENT_TARGET = 12.3;
				MTL_ENABLE_DEBUG_INFO = NO;
				MTL_FAST_MATH = YES;
				SDKROOT = macosx;
			};
			name = Release;
		};
		2DE9F49F289CD707008038D6 /* Debug */ = {
			isa = XCBuildConfiguration;
			buildSettings = {
				CODE_SIGN_STYLE = Automatic;
				PRODUCT_NAME = "$(TARGET_NAME)";
			};
			name = Debug;
		};
		2DE9F4A0289CD707008038D6 /* Release */ = {
			isa = XCBuildConfiguration;
			buildSettings = {
				CODE_SIGN_STYLE = Automatic;
				PRODUCT_NAME = "$(TARGET_NAME)";
			};
			name = Release;
		};
/* End XCBuildConfiguration section */

/* Begin XCConfigurationList section */
		2DE9F492289CD707008038D6 /* Build configuration list for PBXProject "Baymax_1.5" */ = {
			isa = XCConfigurationList;
			buildConfigurations = (
				2DE9F49C289CD707008038D6 /* Debug */,
				2DE9F49D289CD707008038D6 /* Release */,
			);
			defaultConfigurationIsVisible = 0;
			defaultConfigurationName = Release;
		};
		2DE9F49E289CD707008038D6 /* Build configuration list for PBXNativeTarget "Baymax_1.5" */ = {
			isa = XCConfigurationList;
			buildConfigurations = (
				2DE9F49F289CD707008038D6 /* Debug */,
				2DE9F4A0289CD707008038D6 /* Release */,
			);
			defaultConfigurationIsVisible = 0;
			defaultConfigurationName = Release;
		};
/* End XCConfigurationList section */
	};
	rootObject = 2DE9F48F289CD707008038D6 /* Project object */;
}
